
Microsoft Visual Studio Solution File, Format Version 12.00
# Visual Studio Version 16
VisualStudioVersion = 16.0.29215.179
MinimumVisualStudioVersion = 10.0.40219.1
Project("{FAE04EC0-301F-11D3-BF4B-00C04F79EFBC}") = "eproject", "eproject\eproject.csproj", "{8FD0D90B-C8E3-4C41-917F-51FF3613488D}"
EndProject
Global
	GlobalSection(SolutionConfigurationPlatforms) = preSolution
		Debug|Any CPU = Debug|Any CPU
		Release|Any CPU = Release|Any CPU
	EndGlobalSection
	GlobalSection(ProjectConfigurationPlatforms) = postSolution
		{8FD0D90B-C8E3-4C41-917F-51FF3613488D}.Debug|Any CPU.ActiveCfg = Debug|Any CPU
		{8FD0D90B-C8E3-4C41-917F-51FF3613488D}.Debug|Any CPU.Build.0 = Debug|Any CPU
		{8FD0D90B-C8E3-4C41-917F-51FF3613488D}.Release|Any CPU.ActiveCfg = Release|Any CPU
		{8FD0D90B-C8E3-4C41-917F-51FF3613488D}.Release|Any CPU.Build.0 = Release|Any CPU
	EndGlobalSection
	GlobalSection(SolutionProperties) = preSolution
		HideSolutionNode = FALSE
	EndGlobalSection
	GlobalSection(ExtensibilityGlobals) = postSolution
		SolutionGuid = {A6FDAADB-67CE-4957-8552-C1DFE579A308}
	EndGlobalSection
EndGlobal
